// !$*UTF8*$!
{
	archiveVersion = 1;
	classes = {
	};
	objectVersion = 46;
	objects = {

/* Begin PBXBuildFile section */
		B91D0D801DA45A22007F82DB /* File.swift in Sources */ = {isa = PBXBuildFile; fileRef = B91D0D7F1DA45A22007F82DB /* File.swift */; };
		B96AFD871DAC127A00456B55 /* Assets.xcassets in Resources */ = {isa = PBXBuildFile; fileRef = B96AFD861DAC127A00456B55 /* Assets.xcassets */; };
		B96CA3EA1D715474008166E2 /* PassActivity.swift in Sources */ = {isa = PBXBuildFile; fileRef = B96CA3E91D715474008166E2 /* PassActivity.swift */; };
		B96CA3EC1D71586A008166E2 /* Activity.swift in Sources */ = {isa = PBXBuildFile; fileRef = B96CA3EB1D71586A008166E2 /* Activity.swift */; };
		B96CA3F21D764FBA008166E2 /* EditClientViewController.swift in Sources */ = {isa = PBXBuildFile; fileRef = B96CA3F11D764FBA008166E2 /* EditClientViewController.swift */; };
		B99E4CCF1D8A126D00AF52E2 /* CloudKitRecord.swift in Sources */ = {isa = PBXBuildFile; fileRef = B99E4CCE1D8A126D00AF52E2 /* CloudKitRecord.swift */; };
		B99E4CD11D8C9FC000AF52E2 /* CloudKitCollection.swift in Sources */ = {isa = PBXBuildFile; fileRef = B99E4CD01D8C9FC000AF52E2 /* CloudKitCollection.swift */; };
		B9AD0C481D7A7E8600DF529F /* AddPassTypeTableViewCell.swift in Sources */ = {isa = PBXBuildFile; fileRef = B9AD0C471D7A7E8600DF529F /* AddPassTypeTableViewCell.swift */; };
		B9AD0C4A1D7B321500DF529F /* US Dollar-52.png in Resources */ = {isa = PBXBuildFile; fileRef = B9AD0C491D7B321500DF529F /* US Dollar-52.png */; };
		B9AD0C4C1D7B330A00DF529F /* PassTableViewController.swift in Sources */ = {isa = PBXBuildFile; fileRef = B9AD0C4B1D7B330A00DF529F /* PassTableViewController.swift */; };
		B9AD0C4E1D7B343000DF529F /* PassCollection.swift in Sources */ = {isa = PBXBuildFile; fileRef = B9AD0C4D1D7B343000DF529F /* PassCollection.swift */; };
		B9AD0C511D7F4EE300DF529F /* CloudKit.framework in Frameworks */ = {isa = PBXBuildFile; fileRef = B9AD0C501D7F4EE300DF529F /* CloudKit.framework */; };
		B9B613151DA1B90F00B9B02A /* simply_counted_logo.jpg in Resources */ = {isa = PBXBuildFile; fileRef = B9B613141DA1B90F00B9B02A /* simply_counted_logo.jpg */; };
		B9CFA8A91DA9884500B22423 /* Calendar-50.png in Resources */ = {isa = PBXBuildFile; fileRef = B9CFA8A81DA9884500B22423 /* Calendar-50.png */; };
		B9D6353E1D6FA5B000D9B15F /* Ok-48.png in Resources */ = {isa = PBXBuildFile; fileRef = B9D635011D6FA5B000D9B15F /* Ok-48.png */; };
		B9D635511D6FA5B000D9B15F /* AddClientTableViewCell.swift in Sources */ = {isa = PBXBuildFile; fileRef = B9D635161D6FA5B000D9B15F /* AddClientTableViewCell.swift */; };
		B9D635521D6FA5B000D9B15F /* AppDelegate.swift in Sources */ = {isa = PBXBuildFile; fileRef = B9D635171D6FA5B000D9B15F /* AppDelegate.swift */; };
		B9D635541D6FA5B000D9B15F /* LaunchScreen.storyboard in Resources */ = {isa = PBXBuildFile; fileRef = B9D635191D6FA5B000D9B15F /* LaunchScreen.storyboard */; };
		B9D635551D6FA5B000D9B15F /* Main.storyboard in Resources */ = {isa = PBXBuildFile; fileRef = B9D6351B1D6FA5B000D9B15F /* Main.storyboard */; };
		B9D635561D6FA5B000D9B15F /* CheckIn.swift in Sources */ = {isa = PBXBuildFile; fileRef = B9D6351E1D6FA5B000D9B15F /* CheckIn.swift */; };
		B9D635571D6FA5B000D9B15F /* RosterTableViewController.swift in Sources */ = {isa = PBXBuildFile; fileRef = B9D6351F1D6FA5B000D9B15F /* RosterTableViewController.swift */; };
		B9D635581D6FA5B000D9B15F /* ClassCollection.swift in Sources */ = {isa = PBXBuildFile; fileRef = B9D635201D6FA5B000D9B15F /* ClassCollection.swift */; };
		B9D635591D6FA5B000D9B15F /* ClassDate.swift in Sources */ = {isa = PBXBuildFile; fileRef = B9D635211D6FA5B000D9B15F /* ClassDate.swift */; };
		B9D6355A1D6FA5B000D9B15F /* ClassTableViewController.swift in Sources */ = {isa = PBXBuildFile; fileRef = B9D635221D6FA5B000D9B15F /* ClassTableViewController.swift */; };
		B9D6355B1D6FA5B000D9B15F /* Client.swift in Sources */ = {isa = PBXBuildFile; fileRef = B9D635231D6FA5B000D9B15F /* Client.swift */; };
		B9D6355C1D6FA5B000D9B15F /* ClientCollection.swift in Sources */ = {isa = PBXBuildFile; fileRef = B9D635241D6FA5B000D9B15F /* ClientCollection.swift */; };
		B9D6355D1D6FA5B000D9B15F /* ClientTableViewCell.swift in Sources */ = {isa = PBXBuildFile; fileRef = B9D635251D6FA5B000D9B15F /* ClientTableViewCell.swift */; };
		B9D6355E1D6FA5B000D9B15F /* ClientTableViewController.swift in Sources */ = {isa = PBXBuildFile; fileRef = B9D635261D6FA5B000D9B15F /* ClientTableViewController.swift */; };
		B9D6355F1D6FA5B000D9B15F /* ClientViewController.swift in Sources */ = {isa = PBXBuildFile; fileRef = B9D635271D6FA5B000D9B15F /* ClientViewController.swift */; };
		B9D635651D6FA5B000D9B15F /* SimpleLabelTableViewCell.swift in Sources */ = {isa = PBXBuildFile; fileRef = B9D6352D1D6FA5B000D9B15F /* SimpleLabelTableViewCell.swift */; };
		B9D635661D6FA5B000D9B15F /* simply_counted.xcdatamodeld in Sources */ = {isa = PBXBuildFile; fileRef = B9D6352E1D6FA5B000D9B15F /* simply_counted.xcdatamodeld */; };
		B9D635681D6FA5B000D9B15F /* Util.swift in Sources */ = {isa = PBXBuildFile; fileRef = B9D635321D6FA5B000D9B15F /* Util.swift */; };
		B9EFE7931D7A41A60018E568 /* AddPassViewController.swift in Sources */ = {isa = PBXBuildFile; fileRef = B9EFE7921D7A41A60018E568 /* AddPassViewController.swift */; };
		B9EFE7951D7A64DC0018E568 /* PassType.swift in Sources */ = {isa = PBXBuildFile; fileRef = B9EFE7941D7A64DC0018E568 /* PassType.swift */; };
		B9EFE7971D7A668F0018E568 /* PassTypeCollection.swift in Sources */ = {isa = PBXBuildFile; fileRef = B9EFE7961D7A668F0018E568 /* PassTypeCollection.swift */; };
		FD3667EB1F3AC4D00081F4F7 /* TouchIDAuthentication.swift in Sources */ = {isa = PBXBuildFile; fileRef = FD3667EA1F3AC4D00081F4F7 /* TouchIDAuthentication.swift */; };
		FD4C6CCC1F6B8C8500C8AB40 /* ClientTests.swift in Sources */ = {isa = PBXBuildFile; fileRef = FD4C6CCB1F6B8C8500C8AB40 /* ClientTests.swift */; };
		FD700AEB21657B5800246759 /* AppStoreReviewPrompt.swift in Sources */ = {isa = PBXBuildFile; fileRef = FD700AEA21657B5800246759 /* AppStoreReviewPrompt.swift */; };
		FD72C3E71F9D991A004FF49F /* Simply_CountedUITests.swift in Sources */ = {isa = PBXBuildFile; fileRef = FD72C3E61F9D991A004FF49F /* Simply_CountedUITests.swift */; };
		FDA103072031111A0001ED8F /* SettingsTableViewController.swift in Sources */ = {isa = PBXBuildFile; fileRef = FDA103062031111A0001ED8F /* SettingsTableViewController.swift */; };
		FDA103092032A3650001ED8F /* SettingsTableViewCell.swift in Sources */ = {isa = PBXBuildFile; fileRef = FDA103082032A3650001ED8F /* SettingsTableViewCell.swift */; };
		FDA3332F1F7B41C3001DB77A /* Settings.bundle in Resources */ = {isa = PBXBuildFile; fileRef = FDA3332E1F7B41C3001DB77A /* Settings.bundle */; };
		FDB7E43E215F367000456B3D /* AppStoreReviewPromptTests.swift in Sources */ = {isa = PBXBuildFile; fileRef = FDB7E43D215F367000456B3D /* AppStoreReviewPromptTests.swift */; };
/* End PBXBuildFile section */

/* Begin PBXContainerItemProxy section */
		FD4C6CC61F6B8C1C00C8AB40 /* PBXContainerItemProxy */ = {
			isa = PBXContainerItemProxy;
			containerPortal = B9F730171D67A57F0031E099 /* Project object */;
			proxyType = 1;
			remoteGlobalIDString = B9F7301E1D67A57F0031E099;
			remoteInfo = simply_counted;
		};
		FD72C3E91F9D991A004FF49F /* PBXContainerItemProxy */ = {
			isa = PBXContainerItemProxy;
			containerPortal = B9F730171D67A57F0031E099 /* Project object */;
			proxyType = 1;
			remoteGlobalIDString = B9F7301E1D67A57F0031E099;
			remoteInfo = simply_counted;
		};
/* End PBXContainerItemProxy section */

/* Begin PBXFileReference section */
		B91D0D7F1DA45A22007F82DB /* File.swift */ = {isa = PBXFileReference; fileEncoding = 4; lastKnownFileType = sourcecode.swift; path = File.swift; sourceTree = "<group>"; };
		B96AFD861DAC127A00456B55 /* Assets.xcassets */ = {isa = PBXFileReference; lastKnownFileType = folder.assetcatalog; path = Assets.xcassets; sourceTree = "<group>"; };
		B96CA3E91D715474008166E2 /* PassActivity.swift */ = {isa = PBXFileReference; fileEncoding = 4; lastKnownFileType = sourcecode.swift; path = PassActivity.swift; sourceTree = "<group>"; };
		B96CA3EB1D71586A008166E2 /* Activity.swift */ = {isa = PBXFileReference; fileEncoding = 4; lastKnownFileType = sourcecode.swift; path = Activity.swift; sourceTree = "<group>"; };
		B96CA3F11D764FBA008166E2 /* EditClientViewController.swift */ = {isa = PBXFileReference; fileEncoding = 4; lastKnownFileType = sourcecode.swift; path = EditClientViewController.swift; sourceTree = "<group>"; };
		B99E4CCE1D8A126D00AF52E2 /* CloudKitRecord.swift */ = {isa = PBXFileReference; fileEncoding = 4; lastKnownFileType = sourcecode.swift; path = CloudKitRecord.swift; sourceTree = "<group>"; };
		B99E4CD01D8C9FC000AF52E2 /* CloudKitCollection.swift */ = {isa = PBXFileReference; fileEncoding = 4; lastKnownFileType = sourcecode.swift; path = CloudKitCollection.swift; sourceTree = "<group>"; };
		B9AD0C471D7A7E8600DF529F /* AddPassTypeTableViewCell.swift */ = {isa = PBXFileReference; fileEncoding = 4; lastKnownFileType = sourcecode.swift; path = AddPassTypeTableViewCell.swift; sourceTree = "<group>"; };
		B9AD0C491D7B321500DF529F /* US Dollar-52.png */ = {isa = PBXFileReference; lastKnownFileType = image.png; path = "US Dollar-52.png"; sourceTree = "<group>"; };
		B9AD0C4B1D7B330A00DF529F /* PassTableViewController.swift */ = {isa = PBXFileReference; fileEncoding = 4; lastKnownFileType = sourcecode.swift; path = PassTableViewController.swift; sourceTree = "<group>"; };
		B9AD0C4D1D7B343000DF529F /* PassCollection.swift */ = {isa = PBXFileReference; fileEncoding = 4; lastKnownFileType = sourcecode.swift; path = PassCollection.swift; sourceTree = "<group>"; };
		B9AD0C4F1D7E62A800DF529F /* simply_counted.entitlements */ = {isa = PBXFileReference; lastKnownFileType = text.xml; path = simply_counted.entitlements; sourceTree = "<group>"; };
		B9AD0C501D7F4EE300DF529F /* CloudKit.framework */ = {isa = PBXFileReference; lastKnownFileType = wrapper.framework; name = CloudKit.framework; path = System/Library/Frameworks/CloudKit.framework; sourceTree = SDKROOT; };
		B9B613141DA1B90F00B9B02A /* simply_counted_logo.jpg */ = {isa = PBXFileReference; lastKnownFileType = image.jpeg; path = simply_counted_logo.jpg; sourceTree = "<group>"; };
		B9CFA8A81DA9884500B22423 /* Calendar-50.png */ = {isa = PBXFileReference; lastKnownFileType = image.png; path = "Calendar-50.png"; sourceTree = "<group>"; };
		B9D635011D6FA5B000D9B15F /* Ok-48.png */ = {isa = PBXFileReference; lastKnownFileType = image.png; name = "Ok-48.png"; path = "../Ok-48.png"; sourceTree = "<group>"; };
		B9D635161D6FA5B000D9B15F /* AddClientTableViewCell.swift */ = {isa = PBXFileReference; fileEncoding = 4; lastKnownFileType = sourcecode.swift; path = AddClientTableViewCell.swift; sourceTree = "<group>"; };
		B9D635171D6FA5B000D9B15F /* AppDelegate.swift */ = {isa = PBXFileReference; fileEncoding = 4; lastKnownFileType = sourcecode.swift; path = AppDelegate.swift; sourceTree = "<group>"; };
		B9D6351A1D6FA5B000D9B15F /* Base */ = {isa = PBXFileReference; lastKnownFileType = file.storyboard; name = Base; path = Base.lproj/LaunchScreen.storyboard; sourceTree = "<group>"; };
		B9D6351C1D6FA5B000D9B15F /* Base */ = {isa = PBXFileReference; lastKnownFileType = file.storyboard; name = Base; path = Base.lproj/Main.storyboard; sourceTree = "<group>"; };
		B9D6351E1D6FA5B000D9B15F /* CheckIn.swift */ = {isa = PBXFileReference; fileEncoding = 4; lastKnownFileType = sourcecode.swift; path = CheckIn.swift; sourceTree = "<group>"; };
		B9D6351F1D6FA5B000D9B15F /* RosterTableViewController.swift */ = {isa = PBXFileReference; fileEncoding = 4; lastKnownFileType = sourcecode.swift; path = RosterTableViewController.swift; sourceTree = "<group>"; };
		B9D635201D6FA5B000D9B15F /* ClassCollection.swift */ = {isa = PBXFileReference; fileEncoding = 4; lastKnownFileType = sourcecode.swift; path = ClassCollection.swift; sourceTree = "<group>"; };
		B9D635211D6FA5B000D9B15F /* ClassDate.swift */ = {isa = PBXFileReference; fileEncoding = 4; lastKnownFileType = sourcecode.swift; path = ClassDate.swift; sourceTree = "<group>"; };
		B9D635221D6FA5B000D9B15F /* ClassTableViewController.swift */ = {isa = PBXFileReference; fileEncoding = 4; lastKnownFileType = sourcecode.swift; path = ClassTableViewController.swift; sourceTree = "<group>"; };
		B9D635231D6FA5B000D9B15F /* Client.swift */ = {isa = PBXFileReference; fileEncoding = 4; lastKnownFileType = sourcecode.swift; path = Client.swift; sourceTree = "<group>"; };
		B9D635241D6FA5B000D9B15F /* ClientCollection.swift */ = {isa = PBXFileReference; fileEncoding = 4; lastKnownFileType = sourcecode.swift; path = ClientCollection.swift; sourceTree = "<group>"; };
		B9D635251D6FA5B000D9B15F /* ClientTableViewCell.swift */ = {isa = PBXFileReference; fileEncoding = 4; lastKnownFileType = sourcecode.swift; path = ClientTableViewCell.swift; sourceTree = "<group>"; };
		B9D635261D6FA5B000D9B15F /* ClientTableViewController.swift */ = {isa = PBXFileReference; fileEncoding = 4; lastKnownFileType = sourcecode.swift; path = ClientTableViewController.swift; sourceTree = "<group>"; };
		B9D635271D6FA5B000D9B15F /* ClientViewController.swift */ = {isa = PBXFileReference; fileEncoding = 4; lastKnownFileType = sourcecode.swift; path = ClientViewController.swift; sourceTree = "<group>"; };
		B9D635291D6FA5B000D9B15F /* Info.plist */ = {isa = PBXFileReference; fileEncoding = 4; lastKnownFileType = text.plist.xml; path = Info.plist; sourceTree = "<group>"; };
		B9D6352D1D6FA5B000D9B15F /* SimpleLabelTableViewCell.swift */ = {isa = PBXFileReference; fileEncoding = 4; lastKnownFileType = sourcecode.swift; path = SimpleLabelTableViewCell.swift; sourceTree = "<group>"; };
		B9D6352F1D6FA5B000D9B15F /* simply_counted.xcdatamodel */ = {isa = PBXFileReference; lastKnownFileType = wrapper.xcdatamodel; path = simply_counted.xcdatamodel; sourceTree = "<group>"; };
		B9D635321D6FA5B000D9B15F /* Util.swift */ = {isa = PBXFileReference; fileEncoding = 4; lastKnownFileType = sourcecode.swift; path = Util.swift; sourceTree = "<group>"; };
		B9D635331D6FA5B000D9B15F /* simply_counted.xcodeproj */ = {isa = PBXFileReference; lastKnownFileType = "wrapper.pb-project"; path = simply_counted.xcodeproj; sourceTree = "<group>"; };
		B9EFE7921D7A41A60018E568 /* AddPassViewController.swift */ = {isa = PBXFileReference; fileEncoding = 4; lastKnownFileType = sourcecode.swift; path = AddPassViewController.swift; sourceTree = "<group>"; };
		B9EFE7941D7A64DC0018E568 /* PassType.swift */ = {isa = PBXFileReference; fileEncoding = 4; lastKnownFileType = sourcecode.swift; path = PassType.swift; sourceTree = "<group>"; };
		B9EFE7961D7A668F0018E568 /* PassTypeCollection.swift */ = {isa = PBXFileReference; fileEncoding = 4; lastKnownFileType = sourcecode.swift; path = PassTypeCollection.swift; sourceTree = "<group>"; };
		B9F7301F1D67A57F0031E099 /* simply_counted.app */ = {isa = PBXFileReference; explicitFileType = wrapper.application; includeInIndex = 0; path = simply_counted.app; sourceTree = BUILT_PRODUCTS_DIR; };
		FD3667EA1F3AC4D00081F4F7 /* TouchIDAuthentication.swift */ = {isa = PBXFileReference; fileEncoding = 4; lastKnownFileType = sourcecode.swift; path = TouchIDAuthentication.swift; sourceTree = "<group>"; };
		FD4C6CC11F6B8C1C00C8AB40 /* Simply CountedTests.xctest */ = {isa = PBXFileReference; explicitFileType = wrapper.cfbundle; includeInIndex = 0; path = "Simply CountedTests.xctest"; sourceTree = BUILT_PRODUCTS_DIR; };
		FD4C6CC51F6B8C1C00C8AB40 /* Info.plist */ = {isa = PBXFileReference; lastKnownFileType = text.plist.xml; path = Info.plist; sourceTree = "<group>"; };
		FD4C6CCB1F6B8C8500C8AB40 /* ClientTests.swift */ = {isa = PBXFileReference; fileEncoding = 4; lastKnownFileType = sourcecode.swift; path = ClientTests.swift; sourceTree = "<group>"; };
		FD700AEA21657B5800246759 /* AppStoreReviewPrompt.swift */ = {isa = PBXFileReference; lastKnownFileType = sourcecode.swift; path = AppStoreReviewPrompt.swift; sourceTree = "<group>"; };
		FD72C3E41F9D991A004FF49F /* Simply CountedUITests.xctest */ = {isa = PBXFileReference; explicitFileType = wrapper.cfbundle; includeInIndex = 0; path = "Simply CountedUITests.xctest"; sourceTree = BUILT_PRODUCTS_DIR; };
		FD72C3E61F9D991A004FF49F /* Simply_CountedUITests.swift */ = {isa = PBXFileReference; lastKnownFileType = sourcecode.swift; path = Simply_CountedUITests.swift; sourceTree = "<group>"; };
		FD72C3E81F9D991A004FF49F /* Info.plist */ = {isa = PBXFileReference; lastKnownFileType = text.plist.xml; path = Info.plist; sourceTree = "<group>"; };
		FDA103062031111A0001ED8F /* SettingsTableViewController.swift */ = {isa = PBXFileReference; lastKnownFileType = sourcecode.swift; path = SettingsTableViewController.swift; sourceTree = "<group>"; };
		FDA103082032A3650001ED8F /* SettingsTableViewCell.swift */ = {isa = PBXFileReference; lastKnownFileType = sourcecode.swift; path = SettingsTableViewCell.swift; sourceTree = "<group>"; };
		FDA3332E1F7B41C3001DB77A /* Settings.bundle */ = {isa = PBXFileReference; lastKnownFileType = "wrapper.plug-in"; path = Settings.bundle; sourceTree = "<group>"; };
		FDB7E43D215F367000456B3D /* AppStoreReviewPromptTests.swift */ = {isa = PBXFileReference; lastKnownFileType = sourcecode.swift; path = AppStoreReviewPromptTests.swift; sourceTree = "<group>"; };
/* End PBXFileReference section */

/* Begin PBXFrameworksBuildPhase section */
		B9F7301C1D67A57F0031E099 /* Frameworks */ = {
			isa = PBXFrameworksBuildPhase;
			buildActionMask = 2147483647;
			files = (
				B9AD0C511D7F4EE300DF529F /* CloudKit.framework in Frameworks */,
			);
			runOnlyForDeploymentPostprocessing = 0;
		};
		FD4C6CBE1F6B8C1C00C8AB40 /* Frameworks */ = {
			isa = PBXFrameworksBuildPhase;
			buildActionMask = 2147483647;
			files = (
			);
			runOnlyForDeploymentPostprocessing = 0;
		};
		FD72C3E11F9D991A004FF49F /* Frameworks */ = {
			isa = PBXFrameworksBuildPhase;
			buildActionMask = 2147483647;
			files = (
			);
			runOnlyForDeploymentPostprocessing = 0;
		};
/* End PBXFrameworksBuildPhase section */

/* Begin PBXGroup section */
		B9D635151D6FA5B000D9B15F /* simply_counted */ = {
			isa = PBXGroup;
			children = (
				B9AD0C4F1D7E62A800DF529F /* simply_counted.entitlements */,
				B9D635171D6FA5B000D9B15F /* AppDelegate.swift */,
				B9D635291D6FA5B000D9B15F /* Info.plist */,
				B9D6352E1D6FA5B000D9B15F /* simply_counted.xcdatamodeld */,
				FD3667EA1F3AC4D00081F4F7 /* TouchIDAuthentication.swift */,
				FD700AEA21657B5800246759 /* AppStoreReviewPrompt.swift */,
				B9D635321D6FA5B000D9B15F /* Util.swift */,
				B9D6356F1D6FA5FA00D9B15F /* Controller */,
				B9D635701D6FA60600D9B15F /* View */,
				B9D635711D6FA60B00D9B15F /* Model */,
			);
			path = simply_counted;
			sourceTree = "<group>";
		};
		B9D635341D6FA5B000D9B15F /* Products */ = {
			isa = PBXGroup;
			name = Products;
			sourceTree = "<group>";
		};
		B9D6356F1D6FA5FA00D9B15F /* Controller */ = {
			isa = PBXGroup;
			children = (
				B9D6351F1D6FA5B000D9B15F /* RosterTableViewController.swift */,
				B9D635221D6FA5B000D9B15F /* ClassTableViewController.swift */,
				B9D635261D6FA5B000D9B15F /* ClientTableViewController.swift */,
				B9D635271D6FA5B000D9B15F /* ClientViewController.swift */,
				B96CA3F11D764FBA008166E2 /* EditClientViewController.swift */,
				B9EFE7921D7A41A60018E568 /* AddPassViewController.swift */,
				B9AD0C4B1D7B330A00DF529F /* PassTableViewController.swift */,
				FDA103062031111A0001ED8F /* SettingsTableViewController.swift */,
			);
			name = Controller;
			sourceTree = "<group>";
		};
		B9D635701D6FA60600D9B15F /* View */ = {
			isa = PBXGroup;
			children = (
				B96AFD861DAC127A00456B55 /* Assets.xcassets */,
				B9D635191D6FA5B000D9B15F /* LaunchScreen.storyboard */,
				B9D6351B1D6FA5B000D9B15F /* Main.storyboard */,
				B9D635011D6FA5B000D9B15F /* Ok-48.png */,
				B9CFA8A81DA9884500B22423 /* Calendar-50.png */,
				B9AD0C491D7B321500DF529F /* US Dollar-52.png */,
				B9B613141DA1B90F00B9B02A /* simply_counted_logo.jpg */,
				B9D635161D6FA5B000D9B15F /* AddClientTableViewCell.swift */,
				B9D635251D6FA5B000D9B15F /* ClientTableViewCell.swift */,
				B9D6352D1D6FA5B000D9B15F /* SimpleLabelTableViewCell.swift */,
				B9AD0C471D7A7E8600DF529F /* AddPassTypeTableViewCell.swift */,
				FDA103082032A3650001ED8F /* SettingsTableViewCell.swift */,
			);
			name = View;
			sourceTree = "<group>";
		};
		B9D635711D6FA60B00D9B15F /* Model */ = {
			isa = PBXGroup;
			children = (
				B9D6351E1D6FA5B000D9B15F /* CheckIn.swift */,
				B9D635201D6FA5B000D9B15F /* ClassCollection.swift */,
				B9D635211D6FA5B000D9B15F /* ClassDate.swift */,
				B9D635231D6FA5B000D9B15F /* Client.swift */,
				B9D635241D6FA5B000D9B15F /* ClientCollection.swift */,
				B96CA3EB1D71586A008166E2 /* Activity.swift */,
				B96CA3E91D715474008166E2 /* PassActivity.swift */,
				B9EFE7941D7A64DC0018E568 /* PassType.swift */,
				B9EFE7961D7A668F0018E568 /* PassTypeCollection.swift */,
				B9AD0C4D1D7B343000DF529F /* PassCollection.swift */,
				B99E4CCE1D8A126D00AF52E2 /* CloudKitRecord.swift */,
				B99E4CD01D8C9FC000AF52E2 /* CloudKitCollection.swift */,
			);
			name = Model;
			sourceTree = "<group>";
		};
		B9F730161D67A57F0031E099 = {
			isa = PBXGroup;
			children = (
				FDA3332E1F7B41C3001DB77A /* Settings.bundle */,
				B91D0D7F1DA45A22007F82DB /* File.swift */,
				B9AD0C501D7F4EE300DF529F /* CloudKit.framework */,
				B9D635151D6FA5B000D9B15F /* simply_counted */,
				B9D635331D6FA5B000D9B15F /* simply_counted.xcodeproj */,
				FD4C6CC21F6B8C1C00C8AB40 /* Simply CountedTests */,
				FD72C3E51F9D991A004FF49F /* Simply CountedUITests */,
				B9F730201D67A57F0031E099 /* Products */,
			);
			sourceTree = "<group>";
		};
		B9F730201D67A57F0031E099 /* Products */ = {
			isa = PBXGroup;
			children = (
				B9F7301F1D67A57F0031E099 /* simply_counted.app */,
				FD4C6CC11F6B8C1C00C8AB40 /* Simply CountedTests.xctest */,
				FD72C3E41F9D991A004FF49F /* Simply CountedUITests.xctest */,
			);
			name = Products;
			sourceTree = "<group>";
		};
		FD4C6CC21F6B8C1C00C8AB40 /* Simply CountedTests */ = {
			isa = PBXGroup;
			children = (
				FDB7E43D215F367000456B3D /* AppStoreReviewPromptTests.swift */,
				FD4C6CC51F6B8C1C00C8AB40 /* Info.plist */,
				FD4C6CCB1F6B8C8500C8AB40 /* ClientTests.swift */,
			);
			path = "Simply CountedTests";
			sourceTree = "<group>";
		};
		FD72C3E51F9D991A004FF49F /* Simply CountedUITests */ = {
			isa = PBXGroup;
			children = (
				FD72C3E61F9D991A004FF49F /* Simply_CountedUITests.swift */,
				FD72C3E81F9D991A004FF49F /* Info.plist */,
			);
			path = "Simply CountedUITests";
			sourceTree = "<group>";
		};
/* End PBXGroup section */

/* Begin PBXNativeTarget section */
		B9F7301E1D67A57F0031E099 /* simply_counted */ = {
			isa = PBXNativeTarget;
			buildConfigurationList = B9F7304A1D67A5800031E099 /* Build configuration list for PBXNativeTarget "simply_counted" */;
			buildPhases = (
				B9F7301B1D67A57F0031E099 /* Sources */,
				B9F7301C1D67A57F0031E099 /* Frameworks */,
				B9F7301D1D67A57F0031E099 /* Resources */,
			);
			buildRules = (
			);
			dependencies = (
			);
			name = simply_counted;
			productName = "pojo-fitness-attendance";
			productReference = B9F7301F1D67A57F0031E099 /* simply_counted.app */;
			productType = "com.apple.product-type.application";
		};
		FD4C6CC01F6B8C1C00C8AB40 /* Simply CountedTests */ = {
			isa = PBXNativeTarget;
			buildConfigurationList = FD4C6CCA1F6B8C1C00C8AB40 /* Build configuration list for PBXNativeTarget "Simply CountedTests" */;
			buildPhases = (
				FD4C6CBD1F6B8C1C00C8AB40 /* Sources */,
				FD4C6CBE1F6B8C1C00C8AB40 /* Frameworks */,
				FD4C6CBF1F6B8C1C00C8AB40 /* Resources */,
			);
			buildRules = (
			);
			dependencies = (
				FD4C6CC71F6B8C1C00C8AB40 /* PBXTargetDependency */,
			);
			name = "Simply CountedTests";
			productName = "Simply CountedTests";
			productReference = FD4C6CC11F6B8C1C00C8AB40 /* Simply CountedTests.xctest */;
			productType = "com.apple.product-type.bundle.unit-test";
		};
		FD72C3E31F9D991A004FF49F /* Simply CountedUITests */ = {
			isa = PBXNativeTarget;
			buildConfigurationList = FD72C3EB1F9D991A004FF49F /* Build configuration list for PBXNativeTarget "Simply CountedUITests" */;
			buildPhases = (
				FD72C3E01F9D991A004FF49F /* Sources */,
				FD72C3E11F9D991A004FF49F /* Frameworks */,
				FD72C3E21F9D991A004FF49F /* Resources */,
			);
			buildRules = (
			);
			dependencies = (
				FD72C3EA1F9D991A004FF49F /* PBXTargetDependency */,
			);
			name = "Simply CountedUITests";
			productName = "Simply CountedUITests";
			productReference = FD72C3E41F9D991A004FF49F /* Simply CountedUITests.xctest */;
			productType = "com.apple.product-type.bundle.ui-testing";
		};
/* End PBXNativeTarget section */

/* Begin PBXProject section */
		B9F730171D67A57F0031E099 /* Project object */ = {
			isa = PBXProject;
			attributes = {
				LastSwiftUpdateCheck = 0900;
				LastUpgradeCheck = 1200;
				ORGANIZATIONNAME = "Jennifer Karavakis";
				TargetAttributes = {
					B9F7301E1D67A57F0031E099 = {
						CreatedOnToolsVersion = 7.3;
						DevelopmentTeam = B3N8BR97GQ;
						LastSwiftMigration = 1020;
						SystemCapabilities = {
							com.apple.iCloud = {
								enabled = 1;
							};
						};
					};
					FD4C6CC01F6B8C1C00C8AB40 = {
						CreatedOnToolsVersion = 8.3.3;
						LastSwiftMigration = 1020;
						ProvisioningStyle = Automatic;
						TestTargetID = B9F7301E1D67A57F0031E099;
					};
					FD72C3E31F9D991A004FF49F = {
						CreatedOnToolsVersion = 9.0.1;
						DevelopmentTeam = B3N8BR97GQ;
						LastSwiftMigration = 1020;
						ProvisioningStyle = Automatic;
						TestTargetID = B9F7301E1D67A57F0031E099;
					};
				};
			};
			buildConfigurationList = B9F7301A1D67A57F0031E099 /* Build configuration list for PBXProject "simply_counted" */;
			compatibilityVersion = "Xcode 3.2";
			developmentRegion = en;
			hasScannedForEncodings = 0;
			knownRegions = (
				en,
				Base,
			);
			mainGroup = B9F730161D67A57F0031E099;
			productRefGroup = B9F730201D67A57F0031E099 /* Products */;
			projectDirPath = "";
			projectReferences = (
				{
					ProductGroup = B9D635341D6FA5B000D9B15F /* Products */;
					ProjectRef = B9D635331D6FA5B000D9B15F /* simply_counted.xcodeproj */;
				},
			);
			projectRoot = "";
			targets = (
				B9F7301E1D67A57F0031E099 /* simply_counted */,
				FD4C6CC01F6B8C1C00C8AB40 /* Simply CountedTests */,
				FD72C3E31F9D991A004FF49F /* Simply CountedUITests */,
			);
		};
/* End PBXProject section */

/* Begin PBXResourcesBuildPhase section */
		B9F7301D1D67A57F0031E099 /* Resources */ = {
			isa = PBXResourcesBuildPhase;
			buildActionMask = 2147483647;
			files = (
				FDA3332F1F7B41C3001DB77A /* Settings.bundle in Resources */,
				B9D635551D6FA5B000D9B15F /* Main.storyboard in Resources */,
				B9AD0C4A1D7B321500DF529F /* US Dollar-52.png in Resources */,
				B9CFA8A91DA9884500B22423 /* Calendar-50.png in Resources */,
				B9B613151DA1B90F00B9B02A /* simply_counted_logo.jpg in Resources */,
				B96AFD871DAC127A00456B55 /* Assets.xcassets in Resources */,
				B9D635541D6FA5B000D9B15F /* LaunchScreen.storyboard in Resources */,
				B9D6353E1D6FA5B000D9B15F /* Ok-48.png in Resources */,
			);
			runOnlyForDeploymentPostprocessing = 0;
		};
		FD4C6CBF1F6B8C1C00C8AB40 /* Resources */ = {
			isa = PBXResourcesBuildPhase;
			buildActionMask = 2147483647;
			files = (
			);
			runOnlyForDeploymentPostprocessing = 0;
		};
		FD72C3E21F9D991A004FF49F /* Resources */ = {
			isa = PBXResourcesBuildPhase;
			buildActionMask = 2147483647;
			files = (
			);
			runOnlyForDeploymentPostprocessing = 0;
		};
/* End PBXResourcesBuildPhase section */

/* Begin PBXSourcesBuildPhase section */
		B9F7301B1D67A57F0031E099 /* Sources */ = {
			isa = PBXSourcesBuildPhase;
			buildActionMask = 2147483647;
			files = (
				B9AD0C4C1D7B330A00DF529F /* PassTableViewController.swift in Sources */,
				B9D635661D6FA5B000D9B15F /* simply_counted.xcdatamodeld in Sources */,
				B9D635681D6FA5B000D9B15F /* Util.swift in Sources */,
				B96CA3EA1D715474008166E2 /* PassActivity.swift in Sources */,
				B9D635521D6FA5B000D9B15F /* AppDelegate.swift in Sources */,
				B9EFE7931D7A41A60018E568 /* AddPassViewController.swift in Sources */,
				B9D6355E1D6FA5B000D9B15F /* ClientTableViewController.swift in Sources */,
				B9EFE7951D7A64DC0018E568 /* PassType.swift in Sources */,
				FDA103092032A3650001ED8F /* SettingsTableViewCell.swift in Sources */,
				B9D635561D6FA5B000D9B15F /* CheckIn.swift in Sources */,
				FD3667EB1F3AC4D00081F4F7 /* TouchIDAuthentication.swift in Sources */,
				B9D6355A1D6FA5B000D9B15F /* ClassTableViewController.swift in Sources */,
				B9EFE7971D7A668F0018E568 /* PassTypeCollection.swift in Sources */,
				FDA103072031111A0001ED8F /* SettingsTableViewController.swift in Sources */,
				B9D635591D6FA5B000D9B15F /* ClassDate.swift in Sources */,
				B9D6355C1D6FA5B000D9B15F /* ClientCollection.swift in Sources */,
				B96CA3EC1D71586A008166E2 /* Activity.swift in Sources */,
				B9D635581D6FA5B000D9B15F /* ClassCollection.swift in Sources */,
				B9D635571D6FA5B000D9B15F /* RosterTableViewController.swift in Sources */,
				B91D0D801DA45A22007F82DB /* File.swift in Sources */,
				B9D6355B1D6FA5B000D9B15F /* Client.swift in Sources */,
				B99E4CD11D8C9FC000AF52E2 /* CloudKitCollection.swift in Sources */,
				B9D6355D1D6FA5B000D9B15F /* ClientTableViewCell.swift in Sources */,
				B96CA3F21D764FBA008166E2 /* EditClientViewController.swift in Sources */,
				B9AD0C4E1D7B343000DF529F /* PassCollection.swift in Sources */,
				B9D635511D6FA5B000D9B15F /* AddClientTableViewCell.swift in Sources */,
				B9D635651D6FA5B000D9B15F /* SimpleLabelTableViewCell.swift in Sources */,
				FD700AEB21657B5800246759 /* AppStoreReviewPrompt.swift in Sources */,
				B99E4CCF1D8A126D00AF52E2 /* CloudKitRecord.swift in Sources */,
				B9D6355F1D6FA5B000D9B15F /* ClientViewController.swift in Sources */,
				B9AD0C481D7A7E8600DF529F /* AddPassTypeTableViewCell.swift in Sources */,
			);
			runOnlyForDeploymentPostprocessing = 0;
		};
		FD4C6CBD1F6B8C1C00C8AB40 /* Sources */ = {
			isa = PBXSourcesBuildPhase;
			buildActionMask = 2147483647;
			files = (
				FD4C6CCC1F6B8C8500C8AB40 /* ClientTests.swift in Sources */,
				FDB7E43E215F367000456B3D /* AppStoreReviewPromptTests.swift in Sources */,
			);
			runOnlyForDeploymentPostprocessing = 0;
		};
		FD72C3E01F9D991A004FF49F /* Sources */ = {
			isa = PBXSourcesBuildPhase;
			buildActionMask = 2147483647;
			files = (
				FD72C3E71F9D991A004FF49F /* Simply_CountedUITests.swift in Sources */,
			);
			runOnlyForDeploymentPostprocessing = 0;
		};
/* End PBXSourcesBuildPhase section */

/* Begin PBXTargetDependency section */
		FD4C6CC71F6B8C1C00C8AB40 /* PBXTargetDependency */ = {
			isa = PBXTargetDependency;
			target = B9F7301E1D67A57F0031E099 /* simply_counted */;
			targetProxy = FD4C6CC61F6B8C1C00C8AB40 /* PBXContainerItemProxy */;
		};
		FD72C3EA1F9D991A004FF49F /* PBXTargetDependency */ = {
			isa = PBXTargetDependency;
			target = B9F7301E1D67A57F0031E099 /* simply_counted */;
			targetProxy = FD72C3E91F9D991A004FF49F /* PBXContainerItemProxy */;
		};
/* End PBXTargetDependency section */

/* Begin PBXVariantGroup section */
		B9D635191D6FA5B000D9B15F /* LaunchScreen.storyboard */ = {
			isa = PBXVariantGroup;
			children = (
				B9D6351A1D6FA5B000D9B15F /* Base */,
			);
			name = LaunchScreen.storyboard;
			sourceTree = "<group>";
		};
		B9D6351B1D6FA5B000D9B15F /* Main.storyboard */ = {
			isa = PBXVariantGroup;
			children = (
				B9D6351C1D6FA5B000D9B15F /* Base */,
			);
			name = Main.storyboard;
			sourceTree = "<group>";
		};
/* End PBXVariantGroup section */

/* Begin XCBuildConfiguration section */
		B9F730481D67A5800031E099 /* Debug */ = {
			isa = XCBuildConfiguration;
			buildSettings = {
				ALWAYS_SEARCH_USER_PATHS = NO;
				CLANG_ANALYZER_NONNULL = YES;
				CLANG_CXX_LANGUAGE_STANDARD = "gnu++0x";
				CLANG_CXX_LIBRARY = "libc++";
				CLANG_ENABLE_MODULES = YES;
				CLANG_ENABLE_OBJC_ARC = YES;
				CLANG_WARN_BLOCK_CAPTURE_AUTORELEASING = YES;
				CLANG_WARN_BOOL_CONVERSION = YES;
				CLANG_WARN_COMMA = YES;
				CLANG_WARN_CONSTANT_CONVERSION = YES;
				CLANG_WARN_DEPRECATED_OBJC_IMPLEMENTATIONS = YES;
				CLANG_WARN_DIRECT_OBJC_ISA_USAGE = YES_ERROR;
				CLANG_WARN_EMPTY_BODY = YES;
				CLANG_WARN_ENUM_CONVERSION = YES;
				CLANG_WARN_INFINITE_RECURSION = YES;
				CLANG_WARN_INT_CONVERSION = YES;
				CLANG_WARN_NON_LITERAL_NULL_CONVERSION = YES;
				CLANG_WARN_OBJC_IMPLICIT_RETAIN_SELF = YES;
				CLANG_WARN_OBJC_LITERAL_CONVERSION = YES;
				CLANG_WARN_OBJC_ROOT_CLASS = YES_ERROR;
				CLANG_WARN_QUOTED_INCLUDE_IN_FRAMEWORK_HEADER = YES;
				CLANG_WARN_RANGE_LOOP_ANALYSIS = YES;
				CLANG_WARN_STRICT_PROTOTYPES = YES;
				CLANG_WARN_SUSPICIOUS_MOVE = YES;
				CLANG_WARN_UNREACHABLE_CODE = YES;
				CLANG_WARN__DUPLICATE_METHOD_MATCH = YES;
				"CODE_SIGN_IDENTITY[sdk=iphoneos*]" = "iPhone Developer";
				COPY_PHASE_STRIP = NO;
				DEBUG_INFORMATION_FORMAT = dwarf;
				ENABLE_STRICT_OBJC_MSGSEND = YES;
				ENABLE_TESTABILITY = YES;
				GCC_C_LANGUAGE_STANDARD = gnu99;
				GCC_DYNAMIC_NO_PIC = NO;
				GCC_NO_COMMON_BLOCKS = YES;
				GCC_OPTIMIZATION_LEVEL = 0;
				GCC_PREPROCESSOR_DEFINITIONS = (
					"DEBUG=1",
					"$(inherited)",
				);
				GCC_WARN_64_TO_32_BIT_CONVERSION = YES;
				GCC_WARN_ABOUT_RETURN_TYPE = YES_ERROR;
				GCC_WARN_UNDECLARED_SELECTOR = YES;
				GCC_WARN_UNINITIALIZED_AUTOS = YES_AGGRESSIVE;
				GCC_WARN_UNUSED_FUNCTION = YES;
				GCC_WARN_UNUSED_VARIABLE = YES;
				IPHONEOS_DEPLOYMENT_TARGET = 13.5;
				MTL_ENABLE_DEBUG_INFO = YES;
				ONLY_ACTIVE_ARCH = YES;
				SDKROOT = iphoneos;
				SWIFT_OPTIMIZATION_LEVEL = "-Onone";
				TARGETED_DEVICE_FAMILY = "1,2";
			};
			name = Debug;
		};
		B9F730491D67A5800031E099 /* Release */ = {
			isa = XCBuildConfiguration;
			buildSettings = {
				ALWAYS_SEARCH_USER_PATHS = NO;
				CLANG_ANALYZER_NONNULL = YES;
				CLANG_CXX_LANGUAGE_STANDARD = "gnu++0x";
				CLANG_CXX_LIBRARY = "libc++";
				CLANG_ENABLE_MODULES = YES;
				CLANG_ENABLE_OBJC_ARC = YES;
				CLANG_WARN_BLOCK_CAPTURE_AUTORELEASING = YES;
				CLANG_WARN_BOOL_CONVERSION = YES;
				CLANG_WARN_COMMA = YES;
				CLANG_WARN_CONSTANT_CONVERSION = YES;
				CLANG_WARN_DEPRECATED_OBJC_IMPLEMENTATIONS = YES;
				CLANG_WARN_DIRECT_OBJC_ISA_USAGE = YES_ERROR;
				CLANG_WARN_EMPTY_BODY = YES;
				CLANG_WARN_ENUM_CONVERSION = YES;
				CLANG_WARN_INFINITE_RECURSION = YES;
				CLANG_WARN_INT_CONVERSION = YES;
				CLANG_WARN_NON_LITERAL_NULL_CONVERSION = YES;
				CLANG_WARN_OBJC_IMPLICIT_RETAIN_SELF = YES;
				CLANG_WARN_OBJC_LITERAL_CONVERSION = YES;
				CLANG_WARN_OBJC_ROOT_CLASS = YES_ERROR;
				CLANG_WARN_QUOTED_INCLUDE_IN_FRAMEWORK_HEADER = YES;
				CLANG_WARN_RANGE_LOOP_ANALYSIS = YES;
				CLANG_WARN_STRICT_PROTOTYPES = YES;
				CLANG_WARN_SUSPICIOUS_MOVE = YES;
				CLANG_WARN_UNREACHABLE_CODE = YES;
				CLANG_WARN__DUPLICATE_METHOD_MATCH = YES;
				"CODE_SIGN_IDENTITY[sdk=iphoneos*]" = "iPhone Developer";
				COPY_PHASE_STRIP = NO;
				DEBUG_INFORMATION_FORMAT = "dwarf-with-dsym";
				ENABLE_NS_ASSERTIONS = NO;
				ENABLE_STRICT_OBJC_MSGSEND = YES;
				GCC_C_LANGUAGE_STANDARD = gnu99;
				GCC_NO_COMMON_BLOCKS = YES;
				GCC_WARN_64_TO_32_BIT_CONVERSION = YES;
				GCC_WARN_ABOUT_RETURN_TYPE = YES_ERROR;
				GCC_WARN_UNDECLARED_SELECTOR = YES;
				GCC_WARN_UNINITIALIZED_AUTOS = YES_AGGRESSIVE;
				GCC_WARN_UNUSED_FUNCTION = YES;
				GCC_WARN_UNUSED_VARIABLE = YES;
				IPHONEOS_DEPLOYMENT_TARGET = 13.5;
				MTL_ENABLE_DEBUG_INFO = NO;
				SDKROOT = iphoneos;
				SWIFT_OPTIMIZATION_LEVEL = "-Owholemodule";
				TARGETED_DEVICE_FAMILY = "1,2";
				VALIDATE_PRODUCT = YES;
			};
			name = Release;
		};
		B9F7304B1D67A5800031E099 /* Debug */ = {
			isa = XCBuildConfiguration;
			buildSettings = {
				ASSETCATALOG_COMPILER_APPICON_NAME = AppIcon;
				CODE_SIGN_ENTITLEMENTS = simply_counted/simply_counted.entitlements;
				CODE_SIGN_IDENTITY = "iPhone Developer";
				"CODE_SIGN_IDENTITY[sdk=iphoneos*]" = "iPhone Developer";
				CURRENT_PROJECT_VERSION = 1;
				DEVELOPMENT_TEAM = B3N8BR97GQ;
				ENABLE_BITCODE = YES;
				FRAMEWORK_SEARCH_PATHS = "";
				INFOPLIST_FILE = simply_counted/Info.plist;
				LD_RUNPATH_SEARCH_PATHS = "$(inherited) @executable_path/Frameworks";
				MARKETING_VERSION = 1.6.6;
				PRODUCT_BUNDLE_IDENTIFIER = "com.jennifer.karavakis.simply-counted";
				PRODUCT_NAME = simply_counted;
				PROVISIONING_PROFILE = "";
				SWIFT_OBJC_BRIDGING_HEADER = "";
				SWIFT_VERSION = 5.0;
			};
			name = Debug;
		};
		B9F7304C1D67A5800031E099 /* Release */ = {
			isa = XCBuildConfiguration;
			buildSettings = {
				ASSETCATALOG_COMPILER_APPICON_NAME = AppIcon;
				CODE_SIGN_ENTITLEMENTS = simply_counted/simply_counted.entitlements;
				CODE_SIGN_IDENTITY = "iPhone Developer";
				"CODE_SIGN_IDENTITY[sdk=iphoneos*]" = "iPhone Developer";
				CURRENT_PROJECT_VERSION = 1;
				DEVELOPMENT_TEAM = B3N8BR97GQ;
				ENABLE_BITCODE = YES;
				FRAMEWORK_SEARCH_PATHS = "";
				INFOPLIST_FILE = simply_counted/Info.plist;
				LD_RUNPATH_SEARCH_PATHS = "$(inherited) @executable_path/Frameworks";
				MARKETING_VERSION = 1.6.6;
				PRODUCT_BUNDLE_IDENTIFIER = "com.jennifer.karavakis.simply-counted";
				PRODUCT_NAME = simply_counted;
				PROVISIONING_PROFILE = "";
				SWIFT_OBJC_BRIDGING_HEADER = "";
				SWIFT_VERSION = 5.0;
			};
			name = Release;
		};
		FD4C6CC81F6B8C1C00C8AB40 /* Debug */ = {
			isa = XCBuildConfiguration;
			buildSettings = {
				BUNDLE_LOADER = "$(TEST_HOST)";
				CLANG_ANALYZER_NUMBER_OBJECT_CONVERSION = YES_AGGRESSIVE;
				CLANG_WARN_DOCUMENTATION_COMMENTS = YES;
				INFOPLIST_FILE = "Simply CountedTests/Info.plist";
				IPHONEOS_DEPLOYMENT_TARGET = 13.2;
				LD_RUNPATH_SEARCH_PATHS = "$(inherited) @executable_path/Frameworks @loader_path/Frameworks";
				PRODUCT_BUNDLE_IDENTIFIER = "com.Simply-CountedTests";
				PRODUCT_NAME = "$(TARGET_NAME)";
				SWIFT_ACTIVE_COMPILATION_CONDITIONS = DEBUG;
				SWIFT_VERSION = 5.0;
				TEST_HOST = "$(BUILT_PRODUCTS_DIR)/simply_counted.app/simply_counted";
			};
			name = Debug;
		};
		FD4C6CC91F6B8C1C00C8AB40 /* Release */ = {
			isa = XCBuildConfiguration;
			buildSettings = {
				BUNDLE_LOADER = "$(TEST_HOST)";
				CLANG_ANALYZER_NUMBER_OBJECT_CONVERSION = YES_AGGRESSIVE;
				CLANG_WARN_DOCUMENTATION_COMMENTS = YES;
				INFOPLIST_FILE = "Simply CountedTests/Info.plist";
				IPHONEOS_DEPLOYMENT_TARGET = 13.2;
				LD_RUNPATH_SEARCH_PATHS = "$(inherited) @executable_path/Frameworks @loader_path/Frameworks";
				PRODUCT_BUNDLE_IDENTIFIER = "com.Simply-CountedTests";
				PRODUCT_NAME = "$(TARGET_NAME)";
				SWIFT_VERSION = 5.0;
				TEST_HOST = "$(BUILT_PRODUCTS_DIR)/simply_counted.app/simply_counted";
			};
			name = Release;
		};
		FD72C3EC1F9D991A004FF49F /* Debug */ = {
			isa = XCBuildConfiguration;
			buildSettings = {
				CLANG_ANALYZER_NUMBER_OBJECT_CONVERSION = YES_AGGRESSIVE;
				CLANG_CXX_LANGUAGE_STANDARD = "gnu++14";
				CLANG_WARN_BLOCK_CAPTURE_AUTORELEASING = YES;
				CLANG_WARN_COMMA = YES;
				CLANG_WARN_DOCUMENTATION_COMMENTS = YES;
				CLANG_WARN_NON_LITERAL_NULL_CONVERSION = YES;
				CLANG_WARN_OBJC_LITERAL_CONVERSION = YES;
				CLANG_WARN_RANGE_LOOP_ANALYSIS = YES;
				CLANG_WARN_STRICT_PROTOTYPES = YES;
				CLANG_WARN_UNGUARDED_AVAILABILITY = YES_AGGRESSIVE;
				CODE_SIGN_IDENTITY = "iPhone Developer";
				CODE_SIGN_STYLE = Automatic;
				DEVELOPMENT_TEAM = B3N8BR97GQ;
				GCC_C_LANGUAGE_STANDARD = gnu11;
				INFOPLIST_FILE = "Simply CountedUITests/Info.plist";
				IPHONEOS_DEPLOYMENT_TARGET = 12.0;
				LD_RUNPATH_SEARCH_PATHS = "$(inherited) @executable_path/Frameworks @loader_path/Frameworks";
				PRODUCT_BUNDLE_IDENTIFIER = "com.Simply-CountedUITests";
				PRODUCT_NAME = "$(TARGET_NAME)";
				SWIFT_ACTIVE_COMPILATION_CONDITIONS = DEBUG;
				SWIFT_VERSION = 5.0;
				TARGETED_DEVICE_FAMILY = "1,2";
				TEST_TARGET_NAME = simply_counted;
			};
			name = Debug;
		};
		FD72C3ED1F9D991A004FF49F /* Release */ = {
			isa = XCBuildConfiguration;
			buildSettings = {
				CLANG_ANALYZER_NUMBER_OBJECT_CONVERSION = YES_AGGRESSIVE;
				CLANG_CXX_LANGUAGE_STANDARD = "gnu++14";
				CLANG_WARN_BLOCK_CAPTURE_AUTORELEASING = YES;
				CLANG_WARN_COMMA = YES;
				CLANG_WARN_DOCUMENTATION_COMMENTS = YES;
				CLANG_WARN_NON_LITERAL_NULL_CONVERSION = YES;
				CLANG_WARN_OBJC_LITERAL_CONVERSION = YES;
				CLANG_WARN_RANGE_LOOP_ANALYSIS = YES;
				CLANG_WARN_STRICT_PROTOTYPES = YES;
				CLANG_WARN_UNGUARDED_AVAILABILITY = YES_AGGRESSIVE;
				CODE_SIGN_IDENTITY = "iPhone Developer";
				CODE_SIGN_STYLE = Automatic;
				DEVELOPMENT_TEAM = B3N8BR97GQ;
				GCC_C_LANGUAGE_STANDARD = gnu11;
				INFOPLIST_FILE = "Simply CountedUITests/Info.plist";
				IPHONEOS_DEPLOYMENT_TARGET = 12.0;
				LD_RUNPATH_SEARCH_PATHS = "$(inherited) @executable_path/Frameworks @loader_path/Frameworks";
				PRODUCT_BUNDLE_IDENTIFIER = "com.Simply-CountedUITests";
				PRODUCT_NAME = "$(TARGET_NAME)";
				SWIFT_VERSION = 5.0;
				TARGETED_DEVICE_FAMILY = "1,2";
				TEST_TARGET_NAME = simply_counted;
			};
			name = Release;
		};
/* End XCBuildConfiguration section */

/* Begin XCConfigurationList section */
		B9F7301A1D67A57F0031E099 /* Build configuration list for PBXProject "simply_counted" */ = {
			isa = XCConfigurationList;
			buildConfigurations = (
				B9F730481D67A5800031E099 /* Debug */,
				B9F730491D67A5800031E099 /* Release */,
			);
			defaultConfigurationIsVisible = 0;
			defaultConfigurationName = Release;
		};
		B9F7304A1D67A5800031E099 /* Build configuration list for PBXNativeTarget "simply_counted" */ = {
			isa = XCConfigurationList;
			buildConfigurations = (
				B9F7304B1D67A5800031E099 /* Debug */,
				B9F7304C1D67A5800031E099 /* Release */,
			);
			defaultConfigurationIsVisible = 0;
			defaultConfigurationName = Release;
		};
		FD4C6CCA1F6B8C1C00C8AB40 /* Build configuration list for PBXNativeTarget "Simply CountedTests" */ = {
			isa = XCConfigurationList;
			buildConfigurations = (
				FD4C6CC81F6B8C1C00C8AB40 /* Debug */,
				FD4C6CC91F6B8C1C00C8AB40 /* Release */,
			);
			defaultConfigurationIsVisible = 0;
			defaultConfigurationName = Release;
		};
		FD72C3EB1F9D991A004FF49F /* Build configuration list for PBXNativeTarget "Simply CountedUITests" */ = {
			isa = XCConfigurationList;
			buildConfigurations = (
				FD72C3EC1F9D991A004FF49F /* Debug */,
				FD72C3ED1F9D991A004FF49F /* Release */,
			);
			defaultConfigurationIsVisible = 0;
			defaultConfigurationName = Release;
		};
/* End XCConfigurationList section */

/* Begin XCVersionGroup section */
		B9D6352E1D6FA5B000D9B15F /* simply_counted.xcdatamodeld */ = {
			isa = XCVersionGroup;
			children = (
				B9D6352F1D6FA5B000D9B15F /* simply_counted.xcdatamodel */,
			);
			currentVersion = B9D6352F1D6FA5B000D9B15F /* simply_counted.xcdatamodel */;
			path = simply_counted.xcdatamodeld;
			sourceTree = "<group>";
			versionGroupType = wrapper.xcdatamodel;
		};
/* End XCVersionGroup section */
	};
	rootObject = B9F730171D67A57F0031E099 /* Project object */;
}
